// !$*UTF8*$!
{
	archiveVersion = 1;
	classes = {
	};
	objectVersion = 50;
	objects = {

/* Begin PBXBuildFile section */
		DC1C69262641F32E00D879D6 /* ImagePicker.swift in Sources */ = {isa = PBXBuildFile; fileRef = DC1C69252641F32E00D879D6 /* ImagePicker.swift */; };
		DC21D26E264470D000B3E545 /* AddDrinker.swift in Sources */ = {isa = PBXBuildFile; fileRef = DC21D26D264470D000B3E545 /* AddDrinker.swift */; };
		DC21D2702644777800B3E545 /* AddModel.swift in Sources */ = {isa = PBXBuildFile; fileRef = DC21D26F2644777800B3E545 /* AddModel.swift */; };
		DC21D2722644BABD00B3E545 /* ItemDetails.swift in Sources */ = {isa = PBXBuildFile; fileRef = DC21D2712644BABD00B3E545 /* ItemDetails.swift */; };
		DC21D274264513B300B3E545 /* LandmarkAnnotation.swift in Sources */ = {isa = PBXBuildFile; fileRef = DC21D273264513B300B3E545 /* LandmarkAnnotation.swift */; };
		DC21D2762645144000B3E545 /* Landmark.swift in Sources */ = {isa = PBXBuildFile; fileRef = DC21D2752645144000B3E545 /* Landmark.swift */; };
		DC21D27826451A0600B3E545 /* MapView2.swift in Sources */ = {isa = PBXBuildFile; fileRef = DC21D27726451A0600B3E545 /* MapView2.swift */; };
		DC21D27A26451A6100B3E545 /* MapMaster2.swift in Sources */ = {isa = PBXBuildFile; fileRef = DC21D27926451A6100B3E545 /* MapMaster2.swift */; };
		DC21D27C26451BA300B3E545 /* LocationManager.swift in Sources */ = {isa = PBXBuildFile; fileRef = DC21D27B26451BA300B3E545 /* LocationManager.swift */; };
		DC8063C3262F3D1700DD489E /* coffee_run_coreApp.swift in Sources */ = {isa = PBXBuildFile; fileRef = DC8063C2262F3D1700DD489E /* coffee_run_coreApp.swift */; };
		DC8063C5262F3D1700DD489E /* ContentView.swift in Sources */ = {isa = PBXBuildFile; fileRef = DC8063C4262F3D1700DD489E /* ContentView.swift */; };
		DC8063C7262F3D1700DD489E /* Assets.xcassets in Resources */ = {isa = PBXBuildFile; fileRef = DC8063C6262F3D1700DD489E /* Assets.xcassets */; };
		DC8063CA262F3D1700DD489E /* Preview Assets.xcassets in Resources */ = {isa = PBXBuildFile; fileRef = DC8063C9262F3D1700DD489E /* Preview Assets.xcassets */; };
		DC8063D4262F3D3F00DD489E /* FavoriteList.xcdatamodeld in Sources */ = {isa = PBXBuildFile; fileRef = DC8063D2262F3D3F00DD489E /* FavoriteList.xcdatamodeld */; };
		DC8063DB262F40A400DD489E /* CoreDataManager.swift in Sources */ = {isa = PBXBuildFile; fileRef = DC8063DA262F40A400DD489E /* CoreDataManager.swift */; };
		DC8063E7262F429000DD489E /* Home.swift in Sources */ = {isa = PBXBuildFile; fileRef = DC8063E6262F429000DD489E /* Home.swift */; };
		DCCED7A82643ABFB003A6CD6 /* ListView.swift in Sources */ = {isa = PBXBuildFile; fileRef = DCCED7A72643ABFB003A6CD6 /* ListView.swift */; };
		DCCED7AA2643AC5C003A6CD6 /* favoritesList.swift in Sources */ = {isa = PBXBuildFile; fileRef = DCCED7A92643AC5C003A6CD6 /* favoritesList.swift */; };
		DCCED7B22643BF47003A6CD6 /* getDrinkInformation.swift in Sources */ = {isa = PBXBuildFile; fileRef = DCCED7B12643BF47003A6CD6 /* getDrinkInformation.swift */; };
/* End PBXBuildFile section */

/* Begin PBXFileReference section */
		DC1C69252641F32E00D879D6 /* ImagePicker.swift */ = {isa = PBXFileReference; lastKnownFileType = sourcecode.swift; path = ImagePicker.swift; sourceTree = "<group>"; };
		DC21D26D264470D000B3E545 /* AddDrinker.swift */ = {isa = PBXFileReference; lastKnownFileType = sourcecode.swift; path = AddDrinker.swift; sourceTree = "<group>"; };
		DC21D26F2644777800B3E545 /* AddModel.swift */ = {isa = PBXFileReference; lastKnownFileType = sourcecode.swift; path = AddModel.swift; sourceTree = "<group>"; };
		DC21D2712644BABD00B3E545 /* ItemDetails.swift */ = {isa = PBXFileReference; lastKnownFileType = sourcecode.swift; path = ItemDetails.swift; sourceTree = "<group>"; };
		DC21D273264513B300B3E545 /* LandmarkAnnotation.swift */ = {isa = PBXFileReference; lastKnownFileType = sourcecode.swift; path = LandmarkAnnotation.swift; sourceTree = "<group>"; };
		DC21D2752645144000B3E545 /* Landmark.swift */ = {isa = PBXFileReference; lastKnownFileType = sourcecode.swift; path = Landmark.swift; sourceTree = "<group>"; };
		DC21D27726451A0600B3E545 /* MapView2.swift */ = {isa = PBXFileReference; lastKnownFileType = sourcecode.swift; path = MapView2.swift; sourceTree = "<group>"; };
		DC21D27926451A6100B3E545 /* MapMaster2.swift */ = {isa = PBXFileReference; lastKnownFileType = sourcecode.swift; path = MapMaster2.swift; sourceTree = "<group>"; };
		DC21D27B26451BA300B3E545 /* LocationManager.swift */ = {isa = PBXFileReference; lastKnownFileType = sourcecode.swift; path = LocationManager.swift; sourceTree = "<group>"; };
		DC8063BF262F3D1700DD489E /* coffee-run-core.app */ = {isa = PBXFileReference; explicitFileType = wrapper.application; includeInIndex = 0; path = "coffee-run-core.app"; sourceTree = BUILT_PRODUCTS_DIR; };
		DC8063C2262F3D1700DD489E /* coffee_run_coreApp.swift */ = {isa = PBXFileReference; lastKnownFileType = sourcecode.swift; path = coffee_run_coreApp.swift; sourceTree = "<group>"; };
		DC8063C4262F3D1700DD489E /* ContentView.swift */ = {isa = PBXFileReference; lastKnownFileType = sourcecode.swift; path = ContentView.swift; sourceTree = "<group>"; };
		DC8063C6262F3D1700DD489E /* Assets.xcassets */ = {isa = PBXFileReference; lastKnownFileType = folder.assetcatalog; path = Assets.xcassets; sourceTree = "<group>"; };
		DC8063C9262F3D1700DD489E /* Preview Assets.xcassets */ = {isa = PBXFileReference; lastKnownFileType = folder.assetcatalog; path = "Preview Assets.xcassets"; sourceTree = "<group>"; };
		DC8063CB262F3D1700DD489E /* Info.plist */ = {isa = PBXFileReference; lastKnownFileType = text.plist.xml; path = Info.plist; sourceTree = "<group>"; };
		DC8063D3262F3D3F00DD489E /* FavoriteList.xcdatamodel */ = {isa = PBXFileReference; lastKnownFileType = wrapper.xcdatamodel; path = FavoriteList.xcdatamodel; sourceTree = "<group>"; };
		DC8063DA262F40A400DD489E /* CoreDataManager.swift */ = {isa = PBXFileReference; lastKnownFileType = sourcecode.swift; path = CoreDataManager.swift; sourceTree = "<group>"; };
		DC8063E6262F429000DD489E /* Home.swift */ = {isa = PBXFileReference; lastKnownFileType = sourcecode.swift; path = Home.swift; sourceTree = "<group>"; };
		DCCED7A72643ABFB003A6CD6 /* ListView.swift */ = {isa = PBXFileReference; lastKnownFileType = sourcecode.swift; path = ListView.swift; sourceTree = "<group>"; };
		DCCED7A92643AC5C003A6CD6 /* favoritesList.swift */ = {isa = PBXFileReference; lastKnownFileType = sourcecode.swift; path = favoritesList.swift; sourceTree = "<group>"; };
		DCCED7B12643BF47003A6CD6 /* getDrinkInformation.swift */ = {isa = PBXFileReference; lastKnownFileType = sourcecode.swift; path = getDrinkInformation.swift; sourceTree = "<group>"; };
/* End PBXFileReference section */

/* Begin PBXFrameworksBuildPhase section */
		DC8063BC262F3D1700DD489E /* Frameworks */ = {
			isa = PBXFrameworksBuildPhase;
			buildActionMask = 2147483647;
			files = (
			);
			runOnlyForDeploymentPostprocessing = 0;
		};
/* End PBXFrameworksBuildPhase section */

/* Begin PBXGroup section */
		DC8063B6262F3D1700DD489E = {
			isa = PBXGroup;
			children = (
				DC8063C1262F3D1700DD489E /* coffee-run-core */,
				DC8063C0262F3D1700DD489E /* Products */,
			);
			sourceTree = "<group>";
		};
		DC8063C0262F3D1700DD489E /* Products */ = {
			isa = PBXGroup;
			children = (
				DC8063BF262F3D1700DD489E /* coffee-run-core.app */,
			);
			name = Products;
			sourceTree = "<group>";
		};
		DC8063C1262F3D1700DD489E /* coffee-run-core */ = {
			isa = PBXGroup;
			children = (
				DC8063C2262F3D1700DD489E /* coffee_run_coreApp.swift */,
				DC8063E0262F427300DD489E /* Models */,
				DC8063DE262F425D00DD489E /* Views */,
				DC8063D9262F409500DD489E /* Managers */,
				DC8063C4262F3D1700DD489E /* ContentView.swift */,
				DC8063D2262F3D3F00DD489E /* FavoriteList.xcdatamodeld */,
				DC8063C6262F3D1700DD489E /* Assets.xcassets */,
				DC8063CB262F3D1700DD489E /* Info.plist */,
				DC8063C8262F3D1700DD489E /* Preview Content */,
			);
			path = "coffee-run-core";
			sourceTree = "<group>";
		};
		DC8063C8262F3D1700DD489E /* Preview Content */ = {
			isa = PBXGroup;
			children = (
				DC8063C9262F3D1700DD489E /* Preview Assets.xcassets */,
			);
			path = "Preview Content";
			sourceTree = "<group>";
		};
		DC8063D9262F409500DD489E /* Managers */ = {
			isa = PBXGroup;
			children = (
				DC8063DA262F40A400DD489E /* CoreDataManager.swift */,
				DC21D27B26451BA300B3E545 /* LocationManager.swift */,
			);
			path = Managers;
			sourceTree = "<group>";
		};
		DC8063DE262F425D00DD489E /* Views */ = {
			isa = PBXGroup;
			children = (
				DC8063E6262F429000DD489E /* Home.swift */,
				DCCED7A72643ABFB003A6CD6 /* ListView.swift */,
				DCCED7A92643AC5C003A6CD6 /* favoritesList.swift */,
				DC21D2712644BABD00B3E545 /* ItemDetails.swift */,
				DC21D26D264470D000B3E545 /* AddDrinker.swift */,
				DC21D27726451A0600B3E545 /* MapView2.swift */,
				DC21D27926451A6100B3E545 /* MapMaster2.swift */,
			);
			path = Views;
			sourceTree = "<group>";
		};
		DC8063E0262F427300DD489E /* Models */ = {
			isa = PBXGroup;
			children = (
				DC1C69252641F32E00D879D6 /* ImagePicker.swift */,
				DC21D273264513B300B3E545 /* LandmarkAnnotation.swift */,
				DC21D2752645144000B3E545 /* Landmark.swift */,
				DC21D26F2644777800B3E545 /* AddModel.swift */,
				DCCED7B12643BF47003A6CD6 /* getDrinkInformation.swift */,
			);
			path = Models;
			sourceTree = "<group>";
		};
/* End PBXGroup section */

/* Begin PBXNativeTarget section */
		DC8063BE262F3D1700DD489E /* coffee-run-core */ = {
			isa = PBXNativeTarget;
			buildConfigurationList = DC8063CE262F3D1700DD489E /* Build configuration list for PBXNativeTarget "coffee-run-core" */;
			buildPhases = (
				DC8063BB262F3D1700DD489E /* Sources */,
				DC8063BC262F3D1700DD489E /* Frameworks */,
				DC8063BD262F3D1700DD489E /* Resources */,
			);
			buildRules = (
			);
			dependencies = (
			);
			name = "coffee-run-core";
			productName = "coffee-run-core";
			productReference = DC8063BF262F3D1700DD489E /* coffee-run-core.app */;
			productType = "com.apple.product-type.application";
		};
/* End PBXNativeTarget section */

/* Begin PBXProject section */
		DC8063B7262F3D1700DD489E /* Project object */ = {
			isa = PBXProject;
			attributes = {
				LastSwiftUpdateCheck = 1240;
				LastUpgradeCheck = 1240;
				TargetAttributes = {
					DC8063BE262F3D1700DD489E = {
						CreatedOnToolsVersion = 12.4;
					};
				};
			};
			buildConfigurationList = DC8063BA262F3D1700DD489E /* Build configuration list for PBXProject "coffee-run-core" */;
			compatibilityVersion = "Xcode 9.3";
			developmentRegion = en;
			hasScannedForEncodings = 0;
			knownRegions = (
				en,
				Base,
			);
			mainGroup = DC8063B6262F3D1700DD489E;
			productRefGroup = DC8063C0262F3D1700DD489E /* Products */;
			projectDirPath = "";
			projectRoot = "";
			targets = (
				DC8063BE262F3D1700DD489E /* coffee-run-core */,
			);
		};
/* End PBXProject section */

/* Begin PBXResourcesBuildPhase section */
		DC8063BD262F3D1700DD489E /* Resources */ = {
			isa = PBXResourcesBuildPhase;
			buildActionMask = 2147483647;
			files = (
				DC8063CA262F3D1700DD489E /* Preview Assets.xcassets in Resources */,
				DC8063C7262F3D1700DD489E /* Assets.xcassets in Resources */,
			);
			runOnlyForDeploymentPostprocessing = 0;
		};
/* End PBXResourcesBuildPhase section */

/* Begin PBXSourcesBuildPhase section */
		DC8063BB262F3D1700DD489E /* Sources */ = {
			isa = PBXSourcesBuildPhase;
			buildActionMask = 2147483647;
			files = (
				DC21D27826451A0600B3E545 /* MapView2.swift in Sources */,
				DCCED7A82643ABFB003A6CD6 /* ListView.swift in Sources */,
				DC21D27A26451A6100B3E545 /* MapMaster2.swift in Sources */,
				DC21D2722644BABD00B3E545 /* ItemDetails.swift in Sources */,
				DC8063D4262F3D3F00DD489E /* FavoriteList.xcdatamodeld in Sources */,
				DC8063C5262F3D1700DD489E /* ContentView.swift in Sources */,
				DC8063E7262F429000DD489E /* Home.swift in Sources */,
				DC21D2762645144000B3E545 /* Landmark.swift in Sources */,
				DC1C69262641F32E00D879D6 /* ImagePicker.swift in Sources */,
				DC8063DB262F40A400DD489E /* CoreDataManager.swift in Sources */,
				DC21D2702644777800B3E545 /* AddModel.swift in Sources */,
				DC21D27C26451BA300B3E545 /* LocationManager.swift in Sources */,
				DCCED7AA2643AC5C003A6CD6 /* favoritesList.swift in Sources */,
				DCCED7B22643BF47003A6CD6 /* getDrinkInformation.swift in Sources */,
				DC8063C3262F3D1700DD489E /* coffee_run_coreApp.swift in Sources */,
				DC21D26E264470D000B3E545 /* AddDrinker.swift in Sources */,
				DC21D274264513B300B3E545 /* LandmarkAnnotation.swift in Sources */,
			);
			runOnlyForDeploymentPostprocessing = 0;
		};
/* End PBXSourcesBuildPhase section */

/* Begin XCBuildConfiguration section */
		DC8063CC262F3D1700DD489E /* Debug */ = {
			isa = XCBuildConfiguration;
			buildSettings = {
				ALWAYS_SEARCH_USER_PATHS = NO;
				CLANG_ANALYZER_NONNULL = YES;
				CLANG_ANALYZER_NUMBER_OBJECT_CONVERSION = YES_AGGRESSIVE;
				CLANG_CXX_LANGUAGE_STANDARD = "gnu++14";
				CLANG_CXX_LIBRARY = "libc++";
				CLANG_ENABLE_MODULES = YES;
				CLANG_ENABLE_OBJC_ARC = YES;
				CLANG_ENABLE_OBJC_WEAK = YES;
				CLANG_WARN_BLOCK_CAPTURE_AUTORELEASING = YES;
				CLANG_WARN_BOOL_CONVERSION = YES;
				CLANG_WARN_COMMA = YES;
				CLANG_WARN_CONSTANT_CONVERSION = YES;
				CLANG_WARN_DEPRECATED_OBJC_IMPLEMENTATIONS = YES;
				CLANG_WARN_DIRECT_OBJC_ISA_USAGE = YES_ERROR;
				CLANG_WARN_DOCUMENTATION_COMMENTS = YES;
				CLANG_WARN_EMPTY_BODY = YES;
				CLANG_WARN_ENUM_CONVERSION = YES;
				CLANG_WARN_INFINITE_RECURSION = YES;
				CLANG_WARN_INT_CONVERSION = YES;
				CLANG_WARN_NON_LITERAL_NULL_CONVERSION = YES;
				CLANG_WARN_OBJC_IMPLICIT_RETAIN_SELF = YES;
				CLANG_WARN_OBJC_LITERAL_CONVERSION = YES;
				CLANG_WARN_OBJC_ROOT_CLASS = YES_ERROR;
				CLANG_WARN_QUOTED_INCLUDE_IN_FRAMEWORK_HEADER = YES;
				CLANG_WARN_RANGE_LOOP_ANALYSIS = YES;
				CLANG_WARN_STRICT_PROTOTYPES = YES;
				CLANG_WARN_SUSPICIOUS_MOVE = YES;
				CLANG_WARN_UNGUARDED_AVAILABILITY = YES_AGGRESSIVE;
				CLANG_WARN_UNREACHABLE_CODE = YES;
				CLANG_WARN__DUPLICATE_METHOD_MATCH = YES;
				COPY_PHASE_STRIP = NO;
				DEBUG_INFORMATION_FORMAT = dwarf;
				ENABLE_STRICT_OBJC_MSGSEND = YES;
				ENABLE_TESTABILITY = YES;
				GCC_C_LANGUAGE_STANDARD = gnu11;
				GCC_DYNAMIC_NO_PIC = NO;
				GCC_NO_COMMON_BLOCKS = YES;
				GCC_OPTIMIZATION_LEVEL = 0;
				GCC_PREPROCESSOR_DEFINITIONS = (
					"DEBUG=1",
					"$(inherited)",
				);
				GCC_WARN_64_TO_32_BIT_CONVERSION = YES;
				GCC_WARN_ABOUT_RETURN_TYPE = YES_ERROR;
				GCC_WARN_UNDECLARED_SELECTOR = YES;
				GCC_WARN_UNINITIALIZED_AUTOS = YES_AGGRESSIVE;
				GCC_WARN_UNUSED_FUNCTION = YES;
				GCC_WARN_UNUSED_VARIABLE = YES;
				IPHONEOS_DEPLOYMENT_TARGET = 14.4;
				MTL_ENABLE_DEBUG_INFO = INCLUDE_SOURCE;
				MTL_FAST_MATH = YES;
				ONLY_ACTIVE_ARCH = YES;
				SDKROOT = iphoneos;
				SWIFT_ACTIVE_COMPILATION_CONDITIONS = DEBUG;
				SWIFT_OPTIMIZATION_LEVEL = "-Onone";
			};
			name = Debug;
		};
		DC8063CD262F3D1700DD489E /* Release */ = {
			isa = XCBuildConfiguration;
			buildSettings = {
				ALWAYS_SEARCH_USER_PATHS = NO;
				CLANG_ANALYZER_NONNULL = YES;
				CLANG_ANALYZER_NUMBER_OBJECT_CONVERSION = YES_AGGRESSIVE;
				CLANG_CXX_LANGUAGE_STANDARD = "gnu++14";
				CLANG_CXX_LIBRARY = "libc++";
				CLANG_ENABLE_MODULES = YES;
				CLANG_ENABLE_OBJC_ARC = YES;
				CLANG_ENABLE_OBJC_WEAK = YES;
				CLANG_WARN_BLOCK_CAPTURE_AUTORELEASING = YES;
				CLANG_WARN_BOOL_CONVERSION = YES;
				CLANG_WARN_COMMA = YES;
				CLANG_WARN_CONSTANT_CONVERSION = YES;
				CLANG_WARN_DEPRECATED_OBJC_IMPLEMENTATIONS = YES;
				CLANG_WARN_DIRECT_OBJC_ISA_USAGE = YES_ERROR;
				CLANG_WARN_DOCUMENTATION_COMMENTS = YES;
				CLANG_WARN_EMPTY_BODY = YES;
				CLANG_WARN_ENUM_CONVERSION = YES;
				CLANG_WARN_INFINITE_RECURSION = YES;
				CLANG_WARN_INT_CONVERSION = YES;
				CLANG_WARN_NON_LITERAL_NULL_CONVERSION = YES;
				CLANG_WARN_OBJC_IMPLICIT_RETAIN_SELF = YES;
				CLANG_WARN_OBJC_LITERAL_CONVERSION = YES;
				CLANG_WARN_OBJC_ROOT_CLASS = YES_ERROR;
				CLANG_WARN_QUOTED_INCLUDE_IN_FRAMEWORK_HEADER = YES;
				CLANG_WARN_RANGE_LOOP_ANALYSIS = YES;
				CLANG_WARN_STRICT_PROTOTYPES = YES;
				CLANG_WARN_SUSPICIOUS_MOVE = YES;
				CLANG_WARN_UNGUARDED_AVAILABILITY = YES_AGGRESSIVE;
				CLANG_WARN_UNREACHABLE_CODE = YES;
				CLANG_WARN__DUPLICATE_METHOD_MATCH = YES;
				COPY_PHASE_STRIP = NO;
				DEBUG_INFORMATION_FORMAT = "dwarf-with-dsym";
				ENABLE_NS_ASSERTIONS = NO;
				ENABLE_STRICT_OBJC_MSGSEND = YES;
				GCC_C_LANGUAGE_STANDARD = gnu11;
				GCC_NO_COMMON_BLOCKS = YES;
				GCC_WARN_64_TO_32_BIT_CONVERSION = YES;
				GCC_WARN_ABOUT_RETURN_TYPE = YES_ERROR;
				GCC_WARN_UNDECLARED_SELECTOR = YES;
				GCC_WARN_UNINITIALIZED_AUTOS = YES_AGGRESSIVE;
				GCC_WARN_UNUSED_FUNCTION = YES;
				GCC_WARN_UNUSED_VARIABLE = YES;
				IPHONEOS_DEPLOYMENT_TARGET = 14.4;
				MTL_ENABLE_DEBUG_INFO = NO;
				MTL_FAST_MATH = YES;
				SDKROOT = iphoneos;
				SWIFT_COMPILATION_MODE = wholemodule;
				SWIFT_OPTIMIZATION_LEVEL = "-O";
				VALIDATE_PRODUCT = YES;
			};
			name = Release;
		};
		DC8063CF262F3D1700DD489E /* Debug */ = {
			isa = XCBuildConfiguration;
			buildSettings = {
				ASSETCATALOG_COMPILER_APPICON_NAME = AppIcon;
				ASSETCATALOG_COMPILER_GLOBAL_ACCENT_COLOR_NAME = AccentColor;
				CODE_SIGN_STYLE = Automatic;
				DEVELOPMENT_ASSET_PATHS = "\"coffee-run-core/Preview Content\"";
				ENABLE_PREVIEWS = YES;
				INFOPLIST_FILE = "coffee-run-core/Info.plist";
				IPHONEOS_DEPLOYMENT_TARGET = 14.0;
				LD_RUNPATH_SEARCH_PATHS = (
					"$(inherited)",
					"@executable_path/Frameworks",
				);
				PRODUCT_BUNDLE_IDENTIFIER = "asu.coffee-run-core";
				PRODUCT_NAME = "$(TARGET_NAME)";
				SWIFT_VERSION = 5.0;
				TARGETED_DEVICE_FAMILY = "1,2";
			};
			name = Debug;
		};
		DC8063D0262F3D1700DD489E /* Release */ = {
			isa = XCBuildConfiguration;
			buildSettings = {
				ASSETCATALOG_COMPILER_APPICON_NAME = AppIcon;
				ASSETCATALOG_COMPILER_GLOBAL_ACCENT_COLOR_NAME = AccentColor;
				CODE_SIGN_STYLE = Automatic;
				DEVELOPMENT_ASSET_PATHS = "\"coffee-run-core/Preview Content\"";
				ENABLE_PREVIEWS = YES;
				INFOPLIST_FILE = "coffee-run-core/Info.plist";
				IPHONEOS_DEPLOYMENT_TARGET = 14.0;
				LD_RUNPATH_SEARCH_PATHS = (
					"$(inherited)",
					"@executable_path/Frameworks",
				);
				PRODUCT_BUNDLE_IDENTIFIER = "asu.coffee-run-core";
				PRODUCT_NAME = "$(TARGET_NAME)";
				SWIFT_VERSION = 5.0;
				TARGETED_DEVICE_FAMILY = "1,2";
			};
			name = Release;
		};
/* End XCBuildConfiguration section */

/* Begin XCConfigurationList section */
		DC8063BA262F3D1700DD489E /* Build configuration list for PBXProject "coffee-run-core" */ = {
			isa = XCConfigurationList;
			buildConfigurations = (
				DC8063CC262F3D1700DD489E /* Debug */,
				DC8063CD262F3D1700DD489E /* Release */,
			);
			defaultConfigurationIsVisible = 0;
			defaultConfigurationName = Release;
		};
		DC8063CE262F3D1700DD489E /* Build configuration list for PBXNativeTarget "coffee-run-core" */ = {
			isa = XCConfigurationList;
			buildConfigurations = (
				DC8063CF262F3D1700DD489E /* Debug */,
				DC8063D0262F3D1700DD489E /* Release */,
			);
			defaultConfigurationIsVisible = 0;
			defaultConfigurationName = Release;
		};
/* End XCConfigurationList section */

/* Begin XCVersionGroup section */
		DC8063D2262F3D3F00DD489E /* FavoriteList.xcdatamodeld */ = {
			isa = XCVersionGroup;
			children = (
				DC8063D3262F3D3F00DD489E /* FavoriteList.xcdatamodel */,
			);
			currentVersion = DC8063D3262F3D3F00DD489E /* FavoriteList.xcdatamodel */;
			path = FavoriteList.xcdatamodeld;
			sourceTree = "<group>";
			versionGroupType = wrapper.xcdatamodel;
		};
/* End XCVersionGroup section */
	};
	rootObject = DC8063B7262F3D1700DD489E /* Project object */;
}
